// !$*UTF8*$!
{
	archiveVersion = 1;
	classes = {
	};
	objectVersion = 46;
	objects = {

/* Begin PBXBuildFile section */
		5918D43E271C1EB80085DDED /* libSDL2.a in Frameworks */ = {isa = PBXBuildFile; fileRef = 5918D43C271C1EB80085DDED /* libSDL2.a */; };
		5918D43F271C1EB80085DDED /* libSDLmain.a in Frameworks */ = {isa = PBXBuildFile; fileRef = 5918D43D271C1EB80085DDED /* libSDLmain.a */; };
		591E1CF6274048E9004DA542 /* Assets.xcassets in Resources */ = {isa = PBXBuildFile; fileRef = 59B7C215273CBC89002CDC11 /* Assets.xcassets */; };
		59A67E1D27275B5100FF5D6C /* Assets.xcassets in Resources */ = {isa = PBXBuildFile; fileRef = 59AA7BDC2716685000B9AF30 /* Assets.xcassets */; };
		59B7C220273CBCC2002CDC11 /* libSDL2.a in Frameworks */ = {isa = PBXBuildFile; fileRef = 59B7C21F273CBCC2002CDC11 /* libSDL2.a */; };
		59B7C222273CBCCA002CDC11 /* libSDLmain.a in Frameworks */ = {isa = PBXBuildFile; fileRef = 59B7C221273CBCCA002CDC11 /* libSDLmain.a */; };
		93CAAA432E7843C600D82AF6 /* include in Resources */ = {isa = PBXBuildFile; fileRef = 93CAAA422E7843C600D82AF6 /* include */; };
		93CAAA442E7843C600D82AF6 /* include in Resources */ = {isa = PBXBuildFile; fileRef = 93CAAA422E7843C600D82AF6 /* include */; };
		93CAAA492E79B1ED00D82AF6 /* levels in Resources */ = {isa = PBXBuildFile; fileRef = 93CAAA482E79B1ED00D82AF6 /* levels */; };
		93CAAA4A2E79B1ED00D82AF6 /* levels in Resources */ = {isa = PBXBuildFile; fileRef = 93CAAA482E79B1ED00D82AF6 /* levels */; };
		93CAAAA12E915EA500D82AF6 /* util.mk in Resources */ = {isa = PBXBuildFile; fileRef = 93CAAAA02E915EA500D82AF6 /* util.mk */; };
		93CAAAA22E915EA500D82AF6 /* util.mk in Resources */ = {isa = PBXBuildFile; fileRef = 93CAAAA02E915EA500D82AF6 /* util.mk */; };
		93CAAAA42E915EBE00D82AF6 /* Makefile.split in Resources */ = {isa = PBXBuildFile; fileRef = 93CAAAA32E915EBE00D82AF6 /* Makefile.split */; };
		93CAAAA52E915EBE00D82AF6 /* Makefile.split in Resources */ = {isa = PBXBuildFile; fileRef = 93CAAAA32E915EBE00D82AF6 /* Makefile.split */; };
		93E3EB732E77EAE6009BA3BC /* src in Resources */ = {isa = PBXBuildFile; fileRef = 93E3EB722E77EAE5009BA3BC /* src */; };
		93E3EB742E77EAE6009BA3BC /* src in Resources */ = {isa = PBXBuildFile; fileRef = 93E3EB722E77EAE5009BA3BC /* src */; };
/* End PBXBuildFile section */

/* Begin PBXFileReference section */
		1D30AB110D05D00D00671497 /* Foundation.framework */ = {isa = PBXFileReference; lastKnownFileType = wrapper.framework; name = Foundation.framework; path = System/Library/Frameworks/Foundation.framework; sourceTree = SDKROOT; };
		1DF5F4DF0D08C38300B7A737 /* UIKit.framework */ = {isa = PBXFileReference; lastKnownFileType = wrapper.framework; name = UIKit.framework; path = System/Library/Frameworks/UIKit.framework; sourceTree = SDKROOT; };
		28FD14FF0DC6FC520079059D /* OpenGLES.framework */ = {isa = PBXFileReference; lastKnownFileType = wrapper.framework; name = OpenGLES.framework; path = System/Library/Frameworks/OpenGLES.framework; sourceTree = SDKROOT; };
		28FD15070DC6FC5B0079059D /* QuartzCore.framework */ = {isa = PBXFileReference; lastKnownFileType = wrapper.framework; name = QuartzCore.framework; path = System/Library/Frameworks/QuartzCore.framework; sourceTree = SDKROOT; };
		5918D1FD27192A420085DDED /* sm64ios.app */ = {isa = PBXFileReference; explicitFileType = wrapper.application; includeInIndex = 0; path = sm64ios.app; sourceTree = BUILT_PRODUCTS_DIR; };
		5918D21027192A4C0085DDED /* Info.plist */ = {isa = PBXFileReference; lastKnownFileType = text.plist.xml; path = Info.plist; sourceTree = "<group>"; };
		5918D217271956920085DDED /* build.sh */ = {isa = PBXFileReference; lastKnownFileType = text.script.sh; name = build.sh; path = ../build.sh; sourceTree = "<group>"; };
		5918D43C271C1EB80085DDED /* libSDL2.a */ = {isa = PBXFileReference; explicitFileType = archive.ar; path = libSDL2.a; sourceTree = BUILT_PRODUCTS_DIR; };
		5918D43D271C1EB80085DDED /* libSDLmain.a */ = {isa = PBXFileReference; explicitFileType = archive.ar; path = libSDLmain.a; sourceTree = BUILT_PRODUCTS_DIR; };
		59A67E1E272A94C400FF5D6C /* appicon.sh */ = {isa = PBXFileReference; lastKnownFileType = text.script.sh; name = appicon.sh; path = ../appicon.sh; sourceTree = "<group>"; };
		59A67E1F272AA49100FF5D6C /* .gitignore */ = {isa = PBXFileReference; lastKnownFileType = text; name = .gitignore; path = ../.gitignore; sourceTree = "<group>"; };
		59AA60412716655100B9AF30 /* libSDL2.a */ = {isa = PBXFileReference; explicitFileType = archive.ar; path = libSDL2.a; sourceTree = BUILT_PRODUCTS_DIR; };
		59AA60432716655100B9AF30 /* libSDLmain.a */ = {isa = PBXFileReference; explicitFileType = archive.ar; path = libSDLmain.a; sourceTree = BUILT_PRODUCTS_DIR; };
		59AA7BCC2716674A00B9AF30 /* CoreBluetooth.framework */ = {isa = PBXFileReference; lastKnownFileType = wrapper.framework; name = CoreBluetooth.framework; path = System/Library/Frameworks/CoreBluetooth.framework; sourceTree = SDKROOT; };
		59AA7BDC2716685000B9AF30 /* Assets.xcassets */ = {isa = PBXFileReference; lastKnownFileType = folder.assetcatalog; path = Assets.xcassets; sourceTree = "<group>"; };
		59AA7BE02718F94400B9AF30 /* Makefile */ = {isa = PBXFileReference; lastKnownFileType = sourcecode.make; name = Makefile; path = ../Makefile; sourceTree = "<group>"; };
		59AA7BE22718FDB500B9AF30 /* build_ios.sh */ = {isa = PBXFileReference; lastKnownFileType = text.script.sh; name = build_ios.sh; path = ../build_ios.sh; sourceTree = "<group>"; };
		59AA7BE32718FDB500B9AF30 /* build_sim.sh */ = {isa = PBXFileReference; lastKnownFileType = text.script.sh; name = build_sim.sh; path = ../build_sim.sh; sourceTree = "<group>"; };
		59B7C20A273CBC6B002CDC11 /* sm64tvos.app */ = {isa = PBXFileReference; explicitFileType = wrapper.application; includeInIndex = 0; path = sm64tvos.app; sourceTree = BUILT_PRODUCTS_DIR; };
		59B7C215273CBC89002CDC11 /* Assets.xcassets */ = {isa = PBXFileReference; lastKnownFileType = folder.assetcatalog; path = Assets.xcassets; sourceTree = "<group>"; };
		59B7C21F273CBCC2002CDC11 /* libSDL2.a */ = {isa = PBXFileReference; explicitFileType = archive.ar; path = libSDL2.a; sourceTree = BUILT_PRODUCTS_DIR; };
		59B7C221273CBCCA002CDC11 /* libSDLmain.a */ = {isa = PBXFileReference; explicitFileType = archive.ar; path = libSDLmain.a; sourceTree = BUILT_PRODUCTS_DIR; };
		59EFE97027444086007AB508 /* Info.plist */ = {isa = PBXFileReference; fileEncoding = 4; lastKnownFileType = text.plist.xml; path = Info.plist; sourceTree = "<group>"; };
		93CAAA422E7843C600D82AF6 /* include */ = {isa = PBXFileReference; lastKnownFileType = folder; name = include; path = ../include; sourceTree = "<group>"; };
		93CAAA482E79B1ED00D82AF6 /* levels */ = {isa = PBXFileReference; lastKnownFileType = folder; name = levels; path = ../levels; sourceTree = "<group>"; };
		93CAAA9F2E914FA400D82AF6 /* tools */ = {isa = PBXFileReference; lastKnownFileType = folder; name = tools; path = ../tools; sourceTree = "<group>"; };
		93CAAAA02E915EA500D82AF6 /* util.mk */ = {isa = PBXFileReference; fileEncoding = 4; lastKnownFileType = text; name = util.mk; path = ../util.mk; sourceTree = "<group>"; };
		93CAAAA32E915EBE00D82AF6 /* Makefile.split */ = {isa = PBXFileReference; fileEncoding = 4; lastKnownFileType = text; name = Makefile.split; path = ../Makefile.split; sourceTree = "<group>"; };
		93E3EB722E77EAE5009BA3BC /* src */ = {isa = PBXFileReference; lastKnownFileType = folder; name = src; path = ../src; sourceTree = "<group>"; };
		F3A497AB2555F0BD00E92A8B /* CoreHaptics.framework */ = {isa = PBXFileReference; lastKnownFileType = wrapper.framework; name = CoreHaptics.framework; path = System/Library/Frameworks/CoreHaptics.framework; sourceTree = SDKROOT; };
		F3A497AF2555F0FF00E92A8B /* Metal.framework */ = {isa = PBXFileReference; lastKnownFileType = wrapper.framework; name = Metal.framework; path = System/Library/Frameworks/Metal.framework; sourceTree = SDKROOT; };
		F3A497B22555F11600E92A8B /* AVFoundation.framework */ = {isa = PBXFileReference; lastKnownFileType = wrapper.framework; name = AVFoundation.framework; path = System/Library/Frameworks/AVFoundation.framework; sourceTree = SDKROOT; };
		FA8B4B96196703B400F8EB7C /* CoreMotion.framework */ = {isa = PBXFileReference; lastKnownFileType = wrapper.framework; name = CoreMotion.framework; path = System/Library/Frameworks/CoreMotion.framework; sourceTree = SDKROOT; };
		FAE0E9641BAF967F0098DFA4 /* GameController.framework */ = {isa = PBXFileReference; lastKnownFileType = wrapper.framework; name = GameController.framework; path = System/Library/Frameworks/GameController.framework; sourceTree = SDKROOT; };
		FD779EDD0E26BA1200F39101 /* CoreAudio.framework */ = {isa = PBXFileReference; lastKnownFileType = wrapper.framework; name = CoreAudio.framework; path = System/Library/Frameworks/CoreAudio.framework; sourceTree = SDKROOT; };
		FD77A0840E26BDB800F39101 /* AudioToolbox.framework */ = {isa = PBXFileReference; lastKnownFileType = wrapper.framework; name = AudioToolbox.framework; path = System/Library/Frameworks/AudioToolbox.framework; sourceTree = SDKROOT; };
		FDB8BFC50E5A0F6A00980157 /* CoreGraphics.framework */ = {isa = PBXFileReference; lastKnownFileType = wrapper.framework; name = CoreGraphics.framework; path = System/Library/Frameworks/CoreGraphics.framework; sourceTree = SDKROOT; };
/* End PBXFileReference section */

/* Begin PBXFrameworksBuildPhase section */
		5918D222271964520085DDED /* Frameworks */ = {
			isa = PBXFrameworksBuildPhase;
			buildActionMask = 2147483647;
			files = (
				5918D43E271C1EB80085DDED /* libSDL2.a in Frameworks */,
				5918D43F271C1EB80085DDED /* libSDLmain.a in Frameworks */,
			);
			runOnlyForDeploymentPostprocessing = 0;
		};
		59B7C207273CBC6B002CDC11 /* Frameworks */ = {
			isa = PBXFrameworksBuildPhase;
			buildActionMask = 2147483647;
			files = (
				59B7C220273CBCC2002CDC11 /* libSDL2.a in Frameworks */,
				59B7C222273CBCCA002CDC11 /* libSDLmain.a in Frameworks */,
			);
			runOnlyForDeploymentPostprocessing = 0;
		};
/* End PBXFrameworksBuildPhase section */

/* Begin PBXGroup section */
		19C28FACFE9D520D11CA2CBB /* Products */ = {
			isa = PBXGroup;
			children = (
				5918D1FD27192A420085DDED /* sm64ios.app */,
				59B7C20A273CBC6B002CDC11 /* sm64tvos.app */,
			);
			name = Products;
			sourceTree = "<group>";
		};
		29B97314FDCFA39411CA2CEA /* CustomTemplate */ = {
			isa = PBXGroup;
			children = (
				29B97315FDCFA39411CA2CEA /* Sources */,
				29B97317FDCFA39411CA2CEA /* Resources */,
				5918D1FE27192A420085DDED /* sm64ios */,
				59B7C20B273CBC6B002CDC11 /* sm64tvos */,
				29B97323FDCFA39411CA2CEA /* Frameworks */,
				19C28FACFE9D520D11CA2CBB /* Products */,
			);
			name = CustomTemplate;
			sourceTree = "<group>";
		};
		29B97315FDCFA39411CA2CEA /* Sources */ = {
			isa = PBXGroup;
			children = (
				93CAAA9F2E914FA400D82AF6 /* tools */,
				93CAAA422E7843C600D82AF6 /* include */,
				59A67E1F272AA49100FF5D6C /* .gitignore */,
				93E3EB722E77EAE5009BA3BC /* src */,
				5918D217271956920085DDED /* build.sh */,
				59A67E1E272A94C400FF5D6C /* appicon.sh */,
				93CAAA482E79B1ED00D82AF6 /* levels */,
				59AA7BE22718FDB500B9AF30 /* build_ios.sh */,
				93CAAAA02E915EA500D82AF6 /* util.mk */,
				93CAAAA32E915EBE00D82AF6 /* Makefile.split */,
				59AA7BE32718FDB500B9AF30 /* build_sim.sh */,
				59AA7BE02718F94400B9AF30 /* Makefile */,
			);
			name = Sources;
			sourceTree = "<group>";
		};
		29B97317FDCFA39411CA2CEA /* Resources */ = {
			isa = PBXGroup;
			children = (
			);
			name = Resources;
			sourceTree = "<group>";
		};
		29B97323FDCFA39411CA2CEA /* Frameworks */ = {
			isa = PBXGroup;
			children = (
				59B7C221273CBCCA002CDC11 /* libSDLmain.a */,
				59B7C21F273CBCC2002CDC11 /* libSDL2.a */,
				5918D43C271C1EB80085DDED /* libSDL2.a */,
				5918D43D271C1EB80085DDED /* libSDLmain.a */,
				59AA7BCC2716674A00B9AF30 /* CoreBluetooth.framework */,
				59AA60412716655100B9AF30 /* libSDL2.a */,
				59AA60432716655100B9AF30 /* libSDLmain.a */,
				F3A497B22555F11600E92A8B /* AVFoundation.framework */,
				F3A497AF2555F0FF00E92A8B /* Metal.framework */,
				F3A497AB2555F0BD00E92A8B /* CoreHaptics.framework */,
				FAE0E9641BAF967F0098DFA4 /* GameController.framework */,
				FA8B4B96196703B400F8EB7C /* CoreMotion.framework */,
				FDB8BFC50E5A0F6A00980157 /* CoreGraphics.framework */,
				FD77A0840E26BDB800F39101 /* AudioToolbox.framework */,
				FD779EDD0E26BA1200F39101 /* CoreAudio.framework */,
				28FD15070DC6FC5B0079059D /* QuartzCore.framework */,
				28FD14FF0DC6FC520079059D /* OpenGLES.framework */,
				1DF5F4DF0D08C38300B7A737 /* UIKit.framework */,
				1D30AB110D05D00D00671497 /* Foundation.framework */,
			);
			name = Frameworks;
			sourceTree = "<group>";
		};
		5918D1FE27192A420085DDED /* sm64ios */ = {
			isa = PBXGroup;
			children = (
				5918D21027192A4C0085DDED /* Info.plist */,
				59AA7BDC2716685000B9AF30 /* Assets.xcassets */,
			);
			path = sm64ios;
			sourceTree = "<group>";
		};
		59B7C20B273CBC6B002CDC11 /* sm64tvos */ = {
			isa = PBXGroup;
			children = (
				59EFE97027444086007AB508 /* Info.plist */,
				59B7C215273CBC89002CDC11 /* Assets.xcassets */,
			);
			path = sm64tvos;
			sourceTree = "<group>";
		};
/* End PBXGroup section */

/* Begin PBXNativeTarget section */
		5918D1FC27192A420085DDED /* sm64ios */ = {
			isa = PBXNativeTarget;
			buildConfigurationList = 5918D21327192A4D0085DDED /* Build configuration list for PBXNativeTarget "sm64ios" */;
			buildPhases = (
				5918D21627192A6A0085DDED /* Build sm64ios for iOS */,
				59A67E11272743BB00FF5D6C /* Resources */,
				5918D222271964520085DDED /* Frameworks */,
			);
			buildRules = (
			);
			dependencies = (
			);
			name = sm64ios;
			productName = sm64ios;
			productReference = 5918D1FD27192A420085DDED /* sm64ios.app */;
			productType = "com.apple.product-type.application";
		};
		59B7C209273CBC6B002CDC11 /* sm64tvos */ = {
			isa = PBXNativeTarget;
			buildConfigurationList = 59B7C21C273CBC8A002CDC11 /* Build configuration list for PBXNativeTarget "sm64tvos" */;
			buildPhases = (
				59793DC4273CF92900F6F356 /* Build sm64ios for tvOS */,
				59B7C208273CBC6B002CDC11 /* Resources */,
				59B7C207273CBC6B002CDC11 /* Frameworks */,
			);
			buildRules = (
			);
			dependencies = (
			);
			name = sm64tvos;
			productName = sm64tvos;
			productReference = 59B7C20A273CBC6B002CDC11 /* sm64tvos.app */;
			productType = "com.apple.product-type.application";
		};
/* End PBXNativeTarget section */

/* Begin PBXProject section */
		29B97313FDCFA39411CA2CEA /* Project object */ = {
			isa = PBXProject;
			attributes = {
				LastUpgradeCheck = 1300;
				TargetAttributes = {
					5918D1FC27192A420085DDED = {
						CreatedOnToolsVersion = 13.0;
						DevelopmentTeam = 43D6WX8379;
						ProvisioningStyle = Automatic;
					};
					59B7C209273CBC6B002CDC11 = {
						CreatedOnToolsVersion = 13.1;
						DevelopmentTeam = MQD5EFD75S;
						ProvisioningStyle = Automatic;
					};
				};
			};
			buildConfigurationList = C01FCF4E08A954540054247B /* Build configuration list for PBXProject "sm64ios" */;
			compatibilityVersion = "Xcode 3.2";
			developmentRegion = English;
			hasScannedForEncodings = 1;
			knownRegions = (
				English,
				Japanese,
				French,
				German,
				Base,
			);
			mainGroup = 29B97314FDCFA39411CA2CEA /* CustomTemplate */;
			projectDirPath = "";
			projectRoot = "";
			targets = (
				5918D1FC27192A420085DDED /* sm64ios */,
				59B7C209273CBC6B002CDC11 /* sm64tvos */,
			);
		};
/* End PBXProject section */

/* Begin PBXResourcesBuildPhase section */
		59A67E11272743BB00FF5D6C /* Resources */ = {
			isa = PBXResourcesBuildPhase;
			buildActionMask = 2147483647;
			files = (
				93CAAA432E7843C600D82AF6 /* include in Resources */,
				93CAAA492E79B1ED00D82AF6 /* levels in Resources */,
				93CAAAA42E915EBE00D82AF6 /* Makefile.split in Resources */,
				93CAAAA12E915EA500D82AF6 /* util.mk in Resources */,
				59A67E1D27275B5100FF5D6C /* Assets.xcassets in Resources */,
				93E3EB732E77EAE6009BA3BC /* src in Resources */,
			);
			runOnlyForDeploymentPostprocessing = 0;
		};
		59B7C208273CBC6B002CDC11 /* Resources */ = {
			isa = PBXResourcesBuildPhase;
			buildActionMask = 2147483647;
			files = (
				93CAAA442E7843C600D82AF6 /* include in Resources */,
				93CAAA4A2E79B1ED00D82AF6 /* levels in Resources */,
				93CAAAA52E915EBE00D82AF6 /* Makefile.split in Resources */,
				93CAAAA22E915EA500D82AF6 /* util.mk in Resources */,
				591E1CF6274048E9004DA542 /* Assets.xcassets in Resources */,
				93E3EB742E77EAE6009BA3BC /* src in Resources */,
			);
			runOnlyForDeploymentPostprocessing = 0;
		};
/* End PBXResourcesBuildPhase section */

/* Begin PBXShellScriptBuildPhase section */
		5918D21627192A6A0085DDED /* Build sm64ios for iOS */ = {
			isa = PBXShellScriptBuildPhase;
			buildActionMask = 2147483647;
			files = (
			);
			inputFileListPaths = (
			);
			inputPaths = (
			);
			name = "Build sm64ios for iOS";
			outputFileListPaths = (
			);
			outputPaths = (
			);
			runOnlyForDeploymentPostprocessing = 0;
			shellPath = /bin/sh;
			shellScript = "if [[ $(uname -m) == \"arm64\" ]]; then\n  eval \"$(/opt/homebrew/bin/brew shellenv)\"\nfi\ncd \"$PROJECT_DIR/..\" && \"./build.sh\"\n";
		};
		59793DC4273CF92900F6F356 /* Build sm64ios for tvOS */ = {
			isa = PBXShellScriptBuildPhase;
			buildActionMask = 2147483647;
			files = (
			);
			inputFileListPaths = (
			);
			inputPaths = (
			);
			name = "Build sm64ios for tvOS";
			outputFileListPaths = (
			);
			outputPaths = (
			);
			runOnlyForDeploymentPostprocessing = 0;
			shellPath = /bin/sh;
			shellScript = "if [[ $(uname -m) == \"arm64\" ]]; then\n  eval \"$(/opt/homebrew/bin/brew shellenv)\"\nfi\ncd \"$PROJECT_DIR/..\" && \"./build.sh\"\n";
		};
/* End PBXShellScriptBuildPhase section */

/* Begin XCBuildConfiguration section */
		5918D21427192A4D0085DDED /* Debug */ = {
			isa = XCBuildConfiguration;
			buildSettings = {
				ALWAYS_SEARCH_USER_PATHS = YES;
				ASSETCATALOG_COMPILER_APPICON_NAME = AppIcon;
				ASSETCATALOG_COMPILER_GLOBAL_ACCENT_COLOR_NAME = AccentColor;
				ASSETCATALOG_COMPILER_INCLUDE_ALL_APPICON_ASSETS = YES;
				CLANG_ANALYZER_NONNULL = YES;
				CLANG_ANALYZER_NUMBER_OBJECT_CONVERSION = YES_AGGRESSIVE;
				CLANG_CXX_LANGUAGE_STANDARD = "gnu++17";
				CLANG_CXX_LIBRARY = "libc++";
				CLANG_ENABLE_MODULES = YES;
				CLANG_ENABLE_OBJC_ARC = YES;
				CLANG_ENABLE_OBJC_WEAK = YES;
				CLANG_WARN_BLOCK_CAPTURE_AUTORELEASING = YES;
				CLANG_WARN_BOOL_CONVERSION = YES;
				CLANG_WARN_COMMA = YES;
				CLANG_WARN_CONSTANT_CONVERSION = YES;
				CLANG_WARN_DEPRECATED_OBJC_IMPLEMENTATIONS = YES;
				CLANG_WARN_DIRECT_OBJC_ISA_USAGE = YES_ERROR;
				CLANG_WARN_DOCUMENTATION_COMMENTS = YES;
				CLANG_WARN_EMPTY_BODY = YES;
				CLANG_WARN_ENUM_CONVERSION = YES;
				CLANG_WARN_INFINITE_RECURSION = YES;
				CLANG_WARN_INT_CONVERSION = YES;
				CLANG_WARN_NON_LITERAL_NULL_CONVERSION = YES;
				CLANG_WARN_OBJC_IMPLICIT_RETAIN_SELF = YES;
				CLANG_WARN_OBJC_LITERAL_CONVERSION = YES;
				CLANG_WARN_OBJC_ROOT_CLASS = YES_ERROR;
				CLANG_WARN_QUOTED_INCLUDE_IN_FRAMEWORK_HEADER = YES;
				CLANG_WARN_RANGE_LOOP_ANALYSIS = YES;
				CLANG_WARN_STRICT_PROTOTYPES = YES;
				CLANG_WARN_SUSPICIOUS_MOVE = YES;
				CLANG_WARN_UNGUARDED_AVAILABILITY = YES_AGGRESSIVE;
				CLANG_WARN_UNREACHABLE_CODE = YES;
				CLANG_WARN__DUPLICATE_METHOD_MATCH = YES;
				CODE_SIGN_IDENTITY = "Apple Development";
				CODE_SIGN_STYLE = Automatic;
				COPY_PHASE_STRIP = NO;
				CURRENT_PROJECT_VERSION = 1;
				DEBUG_INFORMATION_FORMAT = dwarf;
				DEVELOPMENT_TEAM = 43D6WX8379;
				ENABLE_STRICT_OBJC_MSGSEND = YES;
				ENABLE_TESTABILITY = YES;
				GCC_C_LANGUAGE_STANDARD = gnu11;
				GCC_DYNAMIC_NO_PIC = NO;
				GCC_NO_COMMON_BLOCKS = YES;
				GCC_OPTIMIZATION_LEVEL = 0;
				GCC_PREPROCESSOR_DEFINITIONS = (
					"DEBUG=1",
					"$(inherited)",
				);
				GCC_WARN_64_TO_32_BIT_CONVERSION = YES;
				GCC_WARN_ABOUT_RETURN_TYPE = YES_ERROR;
				GCC_WARN_UNDECLARED_SELECTOR = YES;
				GCC_WARN_UNINITIALIZED_AUTOS = YES_AGGRESSIVE;
				GCC_WARN_UNUSED_FUNCTION = YES;
				GENERATE_INFOPLIST_FILE = YES;
				INFOPLIST_FILE = sm64ios/Info.plist;
				INFOPLIST_KEY_CFBundleDisplayName = sm64coopdx;
				INFOPLIST_KEY_LSApplicationCategoryType = "public.app-category.games";
				INFOPLIST_KEY_LSSupportsOpeningDocumentsInPlace = YES;
				INFOPLIST_KEY_UILaunchStoryboardName = LaunchScreen;
				INFOPLIST_KEY_UIMainStoryboardFile = Main;
				INFOPLIST_KEY_UIRequiresFullScreen = YES;
				INFOPLIST_KEY_UIStatusBarHidden = YES;
				INFOPLIST_KEY_UISupportedInterfaceOrientations = "UIInterfaceOrientationLandscapeLeft UIInterfaceOrientationLandscapeRight";
				INFOPLIST_KEY_UISupportedInterfaceOrientations_iPad = "UIInterfaceOrientationPortrait UIInterfaceOrientationPortraitUpsideDown UIInterfaceOrientationLandscapeLeft UIInterfaceOrientationLandscapeRight";
				INFOPLIST_KEY_UISupportedInterfaceOrientations_iPhone = "UIInterfaceOrientationLandscapeLeft UIInterfaceOrientationLandscapeRight";
				IPHONEOS_DEPLOYMENT_TARGET = 13.2;
				LD_RUNPATH_SEARCH_PATHS = "$(inherited) @executable_path/Frameworks";
				MARKETING_VERSION = 1.2.1;
				MTL_ENABLE_DEBUG_INFO = INCLUDE_SOURCE;
				MTL_FAST_MATH = YES;
				PRODUCT_BUNDLE_IDENTIFIER = com.sashaant.sm64coopdx;
				PRODUCT_NAME = "$(TARGET_NAME)";
				PROVISIONING_PROFILE_SPECIFIER = "";
				SDL2_INCLUDE_DIR = "$(PROJECT_DIR)/../../include";
				SUPPORTED_PLATFORMS = "iphoneos iphonesimulator";
				SUPPORTS_MACCATALYST = NO;
				SUPPORTS_MAC_DESIGNED_FOR_IPHONE_IPAD = NO;
				SWIFT_EMIT_LOC_STRINGS = YES;
				TARGETED_DEVICE_FAMILY = 1;
				USER_HEADER_SEARCH_PATHS = "\"$(SRCROOT)/../../SDL2/include\"";
			};
			name = Debug;
		};
		5918D21527192A4D0085DDED /* Release */ = {
			isa = XCBuildConfiguration;
			buildSettings = {
				ALWAYS_SEARCH_USER_PATHS = YES;
				ASSETCATALOG_COMPILER_APPICON_NAME = AppIcon;
				ASSETCATALOG_COMPILER_GLOBAL_ACCENT_COLOR_NAME = AccentColor;
				ASSETCATALOG_COMPILER_INCLUDE_ALL_APPICON_ASSETS = YES;
				CLANG_ANALYZER_NONNULL = YES;
				CLANG_ANALYZER_NUMBER_OBJECT_CONVERSION = YES_AGGRESSIVE;
				CLANG_CXX_LANGUAGE_STANDARD = "gnu++17";
				CLANG_CXX_LIBRARY = "libc++";
				CLANG_ENABLE_MODULES = YES;
				CLANG_ENABLE_OBJC_ARC = YES;
				CLANG_ENABLE_OBJC_WEAK = YES;
				CLANG_WARN_BLOCK_CAPTURE_AUTORELEASING = YES;
				CLANG_WARN_BOOL_CONVERSION = YES;
				CLANG_WARN_COMMA = YES;
				CLANG_WARN_CONSTANT_CONVERSION = YES;
				CLANG_WARN_DEPRECATED_OBJC_IMPLEMENTATIONS = YES;
				CLANG_WARN_DIRECT_OBJC_ISA_USAGE = YES_ERROR;
				CLANG_WARN_DOCUMENTATION_COMMENTS = YES;
				CLANG_WARN_EMPTY_BODY = YES;
				CLANG_WARN_ENUM_CONVERSION = YES;
				CLANG_WARN_INFINITE_RECURSION = YES;
				CLANG_WARN_INT_CONVERSION = YES;
				CLANG_WARN_NON_LITERAL_NULL_CONVERSION = YES;
				CLANG_WARN_OBJC_IMPLICIT_RETAIN_SELF = YES;
				CLANG_WARN_OBJC_LITERAL_CONVERSION = YES;
				CLANG_WARN_OBJC_ROOT_CLASS = YES_ERROR;
				CLANG_WARN_QUOTED_INCLUDE_IN_FRAMEWORK_HEADER = YES;
				CLANG_WARN_RANGE_LOOP_ANALYSIS = YES;
				CLANG_WARN_STRICT_PROTOTYPES = YES;
				CLANG_WARN_SUSPICIOUS_MOVE = YES;
				CLANG_WARN_UNGUARDED_AVAILABILITY = YES_AGGRESSIVE;
				CLANG_WARN_UNREACHABLE_CODE = YES;
				CLANG_WARN__DUPLICATE_METHOD_MATCH = YES;
				CODE_SIGN_IDENTITY = "Apple Development";
				CODE_SIGN_STYLE = Automatic;
				COPY_PHASE_STRIP = NO;
				CURRENT_PROJECT_VERSION = 1;
				DEBUG_INFORMATION_FORMAT = "dwarf-with-dsym";
				DEVELOPMENT_TEAM = 43D6WX8379;
				ENABLE_NS_ASSERTIONS = NO;
				ENABLE_STRICT_OBJC_MSGSEND = YES;
				GCC_C_LANGUAGE_STANDARD = gnu11;
				GCC_NO_COMMON_BLOCKS = YES;
				GCC_WARN_64_TO_32_BIT_CONVERSION = YES;
				GCC_WARN_ABOUT_RETURN_TYPE = YES_ERROR;
				GCC_WARN_UNDECLARED_SELECTOR = YES;
				GCC_WARN_UNINITIALIZED_AUTOS = YES_AGGRESSIVE;
				GCC_WARN_UNUSED_FUNCTION = YES;
				GENERATE_INFOPLIST_FILE = YES;
				INFOPLIST_FILE = sm64ios/Info.plist;
				INFOPLIST_KEY_CFBundleDisplayName = sm64coopdx;
				INFOPLIST_KEY_LSApplicationCategoryType = "public.app-category.games";
				INFOPLIST_KEY_LSSupportsOpeningDocumentsInPlace = YES;
				INFOPLIST_KEY_UILaunchStoryboardName = LaunchScreen;
				INFOPLIST_KEY_UIMainStoryboardFile = Main;
				INFOPLIST_KEY_UIRequiresFullScreen = YES;
				INFOPLIST_KEY_UIStatusBarHidden = YES;
				INFOPLIST_KEY_UISupportedInterfaceOrientations = "UIInterfaceOrientationLandscapeLeft UIInterfaceOrientationLandscapeRight";
				INFOPLIST_KEY_UISupportedInterfaceOrientations_iPad = "UIInterfaceOrientationPortrait UIInterfaceOrientationPortraitUpsideDown UIInterfaceOrientationLandscapeLeft UIInterfaceOrientationLandscapeRight";
				INFOPLIST_KEY_UISupportedInterfaceOrientations_iPhone = "UIInterfaceOrientationLandscapeLeft UIInterfaceOrientationLandscapeRight";
				IPHONEOS_DEPLOYMENT_TARGET = 13.2;
				LD_RUNPATH_SEARCH_PATHS = "$(inherited) @executable_path/Frameworks";
				MARKETING_VERSION = 1.2.1;
				MTL_ENABLE_DEBUG_INFO = NO;
				MTL_FAST_MATH = YES;
				PRODUCT_BUNDLE_IDENTIFIER = com.sashaant.sm64coopdx;
				PRODUCT_NAME = "$(TARGET_NAME)";
				PROVISIONING_PROFILE_SPECIFIER = "";
				SDL2_INCLUDE_DIR = "$(PROJECT_DIR)/../../include";
				SUPPORTED_PLATFORMS = "iphoneos iphonesimulator";
				SUPPORTS_MACCATALYST = NO;
				SUPPORTS_MAC_DESIGNED_FOR_IPHONE_IPAD = NO;
				SWIFT_EMIT_LOC_STRINGS = YES;
				TARGETED_DEVICE_FAMILY = 1;
				USER_HEADER_SEARCH_PATHS = "\"$(SRCROOT)/../../SDL2/include\"";
				VALIDATE_PRODUCT = YES;
			};
			name = Release;
		};
		59B7C21D273CBC8A002CDC11 /* Debug */ = {
			isa = XCBuildConfiguration;
			buildSettings = {
				ALWAYS_SEARCH_USER_PATHS = NO;
				ASSETCATALOG_COMPILER_APPICON_NAME = AppIcon;
				ASSETCATALOG_COMPILER_GLOBAL_ACCENT_COLOR_NAME = AccentColor;
				ASSETCATALOG_COMPILER_INCLUDE_ALL_APPICON_ASSETS = YES;
				CLANG_ANALYZER_NONNULL = YES;
				CLANG_ANALYZER_NUMBER_OBJECT_CONVERSION = YES_AGGRESSIVE;
				CLANG_CXX_LANGUAGE_STANDARD = "gnu++17";
				CLANG_CXX_LIBRARY = "libc++";
				CLANG_ENABLE_MODULES = YES;
				CLANG_ENABLE_OBJC_ARC = YES;
				CLANG_ENABLE_OBJC_WEAK = YES;
				CLANG_WARN_DIRECT_OBJC_ISA_USAGE = YES_ERROR;
				CLANG_WARN_DOCUMENTATION_COMMENTS = YES;
				CLANG_WARN_OBJC_ROOT_CLASS = YES_ERROR;
				CLANG_WARN_UNGUARDED_AVAILABILITY = YES_AGGRESSIVE;
				CODE_SIGN_IDENTITY = "Apple Development";
				CODE_SIGN_STYLE = Automatic;
				COPY_PHASE_STRIP = NO;
				CURRENT_PROJECT_VERSION = 1;
				DEBUG_INFORMATION_FORMAT = dwarf;
				DEVELOPMENT_TEAM = MQD5EFD75S;
				GCC_C_LANGUAGE_STANDARD = gnu11;
				GCC_DYNAMIC_NO_PIC = NO;
				GCC_OPTIMIZATION_LEVEL = 0;
				GCC_PREPROCESSOR_DEFINITIONS = (
					"DEBUG=1",
					"$(inherited)",
				);
				GCC_WARN_ABOUT_RETURN_TYPE = YES_ERROR;
				GCC_WARN_UNINITIALIZED_AUTOS = YES_AGGRESSIVE;
				GENERATE_INFOPLIST_FILE = YES;
				INFOPLIST_FILE = sm64tvos/Info.plist;
				INFOPLIST_KEY_CFBundleDisplayName = "Super Mario 64";
				INFOPLIST_KEY_UILaunchStoryboardName = LaunchScreen;
				INFOPLIST_KEY_UIMainStoryboardFile = Main;
				INFOPLIST_KEY_UIUserInterfaceStyle = Automatic;
				LD_RUNPATH_SEARCH_PATHS = "$(inherited) @executable_path/Frameworks";
				MARKETING_VERSION = 1.2.0;
				MTL_ENABLE_DEBUG_INFO = INCLUDE_SOURCE;
				MTL_FAST_MATH = YES;
				PRODUCT_BUNDLE_IDENTIFIER = com.christiankosman.sm64tvo;
				PRODUCT_NAME = "$(TARGET_NAME)";
				PROVISIONING_PROFILE_SPECIFIER = "";
				SDKROOT = appletvos;
				SDL2_INCLUDE_DIR = "$(PROJECT_DIR)/../../include";
				SWIFT_EMIT_LOC_STRINGS = YES;
				TARGETED_DEVICE_FAMILY = 3;
				TVOS_DEPLOYMENT_TARGET = 14.0;
			};
			name = Debug;
		};
		59B7C21E273CBC8A002CDC11 /* Release */ = {
			isa = XCBuildConfiguration;
			buildSettings = {
				ALWAYS_SEARCH_USER_PATHS = NO;
				ASSETCATALOG_COMPILER_APPICON_NAME = AppIcon;
				ASSETCATALOG_COMPILER_GLOBAL_ACCENT_COLOR_NAME = AccentColor;
				ASSETCATALOG_COMPILER_INCLUDE_ALL_APPICON_ASSETS = YES;
				CLANG_ANALYZER_NONNULL = YES;
				CLANG_ANALYZER_NUMBER_OBJECT_CONVERSION = YES_AGGRESSIVE;
				CLANG_CXX_LANGUAGE_STANDARD = "gnu++17";
				CLANG_CXX_LIBRARY = "libc++";
				CLANG_ENABLE_MODULES = YES;
				CLANG_ENABLE_OBJC_ARC = YES;
				CLANG_ENABLE_OBJC_WEAK = YES;
				CLANG_WARN_DIRECT_OBJC_ISA_USAGE = YES_ERROR;
				CLANG_WARN_DOCUMENTATION_COMMENTS = YES;
				CLANG_WARN_OBJC_ROOT_CLASS = YES_ERROR;
				CLANG_WARN_UNGUARDED_AVAILABILITY = YES_AGGRESSIVE;
				CODE_SIGN_IDENTITY = "Apple Development";
				CODE_SIGN_STYLE = Automatic;
				COPY_PHASE_STRIP = NO;
				CURRENT_PROJECT_VERSION = 1;
				DEBUG_INFORMATION_FORMAT = "dwarf-with-dsym";
				DEVELOPMENT_TEAM = MQD5EFD75S;
				ENABLE_NS_ASSERTIONS = NO;
				GCC_C_LANGUAGE_STANDARD = gnu11;
				GCC_WARN_ABOUT_RETURN_TYPE = YES_ERROR;
				GCC_WARN_UNINITIALIZED_AUTOS = YES_AGGRESSIVE;
				GENERATE_INFOPLIST_FILE = YES;
				INFOPLIST_FILE = sm64tvos/Info.plist;
				INFOPLIST_KEY_CFBundleDisplayName = "Super Mario 64";
				INFOPLIST_KEY_UILaunchStoryboardName = LaunchScreen;
				INFOPLIST_KEY_UIMainStoryboardFile = Main;
				INFOPLIST_KEY_UIUserInterfaceStyle = Automatic;
				LD_RUNPATH_SEARCH_PATHS = "$(inherited) @executable_path/Frameworks";
				MARKETING_VERSION = 1.2.0;
				MTL_ENABLE_DEBUG_INFO = NO;
				MTL_FAST_MATH = YES;
				PRODUCT_BUNDLE_IDENTIFIER = com.christiankosman.sm64tvo;
				PRODUCT_NAME = "$(TARGET_NAME)";
				PROVISIONING_PROFILE_SPECIFIER = "";
				SDKROOT = appletvos;
				SDL2_INCLUDE_DIR = "$(PROJECT_DIR)/../../include";
				SWIFT_EMIT_LOC_STRINGS = YES;
				TARGETED_DEVICE_FAMILY = 3;
				TVOS_DEPLOYMENT_TARGET = 14.0;
				VALIDATE_PRODUCT = YES;
			};
			name = Release;
		};
		C01FCF4F08A954540054247B /* Debug */ = {
			isa = XCBuildConfiguration;
			buildSettings = {
				CLANG_ANALYZER_LOCALIZABILITY_NONLOCALIZED = YES;
				CLANG_WARN_BLOCK_CAPTURE_AUTORELEASING = YES;
				CLANG_WARN_BOOL_CONVERSION = YES;
				CLANG_WARN_COMMA = YES;
				CLANG_WARN_CONSTANT_CONVERSION = YES;
				CLANG_WARN_DEPRECATED_OBJC_IMPLEMENTATIONS = YES;
				CLANG_WARN_EMPTY_BODY = YES;
				CLANG_WARN_ENUM_CONVERSION = YES;
				CLANG_WARN_INFINITE_RECURSION = YES;
				CLANG_WARN_INT_CONVERSION = YES;
				CLANG_WARN_NON_LITERAL_NULL_CONVERSION = YES;
				CLANG_WARN_OBJC_IMPLICIT_RETAIN_SELF = YES;
				CLANG_WARN_OBJC_LITERAL_CONVERSION = YES;
				CLANG_WARN_QUOTED_INCLUDE_IN_FRAMEWORK_HEADER = YES;
				CLANG_WARN_RANGE_LOOP_ANALYSIS = YES;
				CLANG_WARN_STRICT_PROTOTYPES = YES;
				CLANG_WARN_SUSPICIOUS_MOVE = YES;
				CLANG_WARN_UNREACHABLE_CODE = YES;
				CLANG_WARN__DUPLICATE_METHOD_MATCH = YES;
				"CODE_SIGN_IDENTITY[sdk=iphoneos*]" = "iPhone Developer";
				ENABLE_STRICT_OBJC_MSGSEND = YES;
				ENABLE_TESTABILITY = YES;
				GCC_C_LANGUAGE_STANDARD = c99;
				GCC_NO_COMMON_BLOCKS = YES;
				GCC_WARN_64_TO_32_BIT_CONVERSION = YES;
				GCC_WARN_ABOUT_RETURN_TYPE = YES;
				GCC_WARN_UNDECLARED_SELECTOR = YES;
				GCC_WARN_UNINITIALIZED_AUTOS = YES;
				GCC_WARN_UNUSED_FUNCTION = YES;
				GCC_WARN_UNUSED_VARIABLE = YES;
				INFOPLIST_FILE = "/Users/christiankosman/Documents/sm64ex-nightly/sm64ios/Info.plist";
				ONLY_ACTIVE_ARCH = YES;
				OTHER_CFLAGS = "";
				SDKROOT = iphoneos;
			};
			name = Debug;
		};
		C01FCF5008A954540054247B /* Release */ = {
			isa = XCBuildConfiguration;
			buildSettings = {
				CLANG_ANALYZER_LOCALIZABILITY_NONLOCALIZED = YES;
				CLANG_WARN_BLOCK_CAPTURE_AUTORELEASING = YES;
				CLANG_WARN_BOOL_CONVERSION = YES;
				CLANG_WARN_COMMA = YES;
				CLANG_WARN_CONSTANT_CONVERSION = YES;
				CLANG_WARN_DEPRECATED_OBJC_IMPLEMENTATIONS = YES;
				CLANG_WARN_EMPTY_BODY = YES;
				CLANG_WARN_ENUM_CONVERSION = YES;
				CLANG_WARN_INFINITE_RECURSION = YES;
				CLANG_WARN_INT_CONVERSION = YES;
				CLANG_WARN_NON_LITERAL_NULL_CONVERSION = YES;
				CLANG_WARN_OBJC_IMPLICIT_RETAIN_SELF = YES;
				CLANG_WARN_OBJC_LITERAL_CONVERSION = YES;
				CLANG_WARN_QUOTED_INCLUDE_IN_FRAMEWORK_HEADER = YES;
				CLANG_WARN_RANGE_LOOP_ANALYSIS = YES;
				CLANG_WARN_STRICT_PROTOTYPES = YES;
				CLANG_WARN_SUSPICIOUS_MOVE = YES;
				CLANG_WARN_UNREACHABLE_CODE = YES;
				CLANG_WARN__DUPLICATE_METHOD_MATCH = YES;
				"CODE_SIGN_IDENTITY[sdk=iphoneos*]" = "iPhone Developer";
				ENABLE_STRICT_OBJC_MSGSEND = YES;
				GCC_C_LANGUAGE_STANDARD = c99;
				GCC_NO_COMMON_BLOCKS = YES;
				GCC_WARN_64_TO_32_BIT_CONVERSION = YES;
				GCC_WARN_ABOUT_RETURN_TYPE = YES;
				GCC_WARN_UNDECLARED_SELECTOR = YES;
				GCC_WARN_UNINITIALIZED_AUTOS = YES;
				GCC_WARN_UNUSED_FUNCTION = YES;
				GCC_WARN_UNUSED_VARIABLE = YES;
				INFOPLIST_FILE = "/Users/christiankosman/Documents/sm64ex-nightly/sm64ios/Info.plist";
				OTHER_CFLAGS = "";
				SDKROOT = iphoneos;
			};
			name = Release;
		};
/* End XCBuildConfiguration section */

/* Begin XCConfigurationList section */
		5918D21327192A4D0085DDED /* Build configuration list for PBXNativeTarget "sm64ios" */ = {
			isa = XCConfigurationList;
			buildConfigurations = (
				5918D21427192A4D0085DDED /* Debug */,
				5918D21527192A4D0085DDED /* Release */,
			);
			defaultConfigurationIsVisible = 0;
			defaultConfigurationName = Release;
		};
		59B7C21C273CBC8A002CDC11 /* Build configuration list for PBXNativeTarget "sm64tvos" */ = {
			isa = XCConfigurationList;
			buildConfigurations = (
				59B7C21D273CBC8A002CDC11 /* Debug */,
				59B7C21E273CBC8A002CDC11 /* Release */,
			);
			defaultConfigurationIsVisible = 0;
			defaultConfigurationName = Release;
		};
		C01FCF4E08A954540054247B /* Build configuration list for PBXProject "sm64ios" */ = {
			isa = XCConfigurationList;
			buildConfigurations = (
				C01FCF4F08A954540054247B /* Debug */,
				C01FCF5008A954540054247B /* Release */,
			);
			defaultConfigurationIsVisible = 0;
			defaultConfigurationName = Release;
		};
/* End XCConfigurationList section */
	};
	rootObject = 29B97313FDCFA39411CA2CEA /* Project object */;
}
